
Microsoft Visual Studio Solution File, Format Version 12.00
# Visual Studio 2012
Project("{FAE04EC0-301F-11D3-BF4B-00C04F79EFBC}") = "Refit.Insane.PowerPack", "Refit.Insane.PowerPack.csproj", "{8CF8700F-D670-4D1E-828D-3CA54D3E0D0A}"
EndProject
Project("{FAE04EC0-301F-11D3-BF4B-00C04F79EFBC}") = "Tests", "..\Tests\Tests.csproj", "{72B18A31-7DED-4852-93E5-51A05A1026AD}"
EndProject
Global
	GlobalSection(SolutionConfigurationPlatforms) = preSolution
		Debug|Any CPU = Debug|Any CPU
		Release|Any CPU = Release|Any CPU
	EndGlobalSection
	GlobalSection(ProjectConfigurationPlatforms) = postSolution
		{8CF8700F-D670-4D1E-828D-3CA54D3E0D0A}.Debug|Any CPU.ActiveCfg = Debug|Any CPU
		{8CF8700F-D670-4D1E-828D-3CA54D3E0D0A}.Debug|Any CPU.Build.0 = Debug|Any CPU
		{8CF8700F-D670-4D1E-828D-3CA54D3E0D0A}.Release|Any CPU.ActiveCfg = Release|Any CPU
		{8CF8700F-D670-4D1E-828D-3CA54D3E0D0A}.Release|Any CPU.Build.0 = Release|Any CPU
		{72B18A31-7DED-4852-93E5-51A05A1026AD}.Debug|Any CPU.ActiveCfg = Debug|Any CPU
		{72B18A31-7DED-4852-93E5-51A05A1026AD}.Debug|Any CPU.Build.0 = Debug|Any CPU
		{72B18A31-7DED-4852-93E5-51A05A1026AD}.Release|Any CPU.ActiveCfg = Release|Any CPU
		{72B18A31-7DED-4852-93E5-51A05A1026AD}.Release|Any CPU.Build.0 = Release|Any CPU
	EndGlobalSection
EndGlobal
